// !$*UTF8*$!
{
	archiveVersion = 1;
	classes = {
	};
	objectVersion = 46;
	objects = {

/* Begin PBXBuildFile section */
		608D7FCB1E4C68F300EC12F0 /* AppDelegate.swift in Sources */ = {isa = PBXBuildFile; fileRef = 608D7FCA1E4C68F300EC12F0 /* AppDelegate.swift */; };
		608D7FD01E4C68F300EC12F0 /* Main.storyboard in Resources */ = {isa = PBXBuildFile; fileRef = 608D7FCE1E4C68F300EC12F0 /* Main.storyboard */; };
		608D7FD21E4C68F300EC12F0 /* Assets.xcassets in Resources */ = {isa = PBXBuildFile; fileRef = 608D7FD11E4C68F300EC12F0 /* Assets.xcassets */; };
		608D7FD51E4C68F300EC12F0 /* LaunchScreen.storyboard in Resources */ = {isa = PBXBuildFile; fileRef = 608D7FD31E4C68F300EC12F0 /* LaunchScreen.storyboard */; };
		608D7FE01E4C68F300EC12F0 /* MyFirstTableViewProjectTests.swift in Sources */ = {isa = PBXBuildFile; fileRef = 608D7FDF1E4C68F300EC12F0 /* MyFirstTableViewProjectTests.swift */; };
		608D7FEB1E4C68F400EC12F0 /* MyFirstTableViewProjectUITests.swift in Sources */ = {isa = PBXBuildFile; fileRef = 608D7FEA1E4C68F400EC12F0 /* MyFirstTableViewProjectUITests.swift */; };
		608D7FF91E4C6A7E00EC12F0 /* TheTableViewController.swift in Sources */ = {isa = PBXBuildFile; fileRef = 608D7FF81E4C6A7E00EC12F0 /* TheTableViewController.swift */; };
/* End PBXBuildFile section */

/* Begin PBXContainerItemProxy section */
		608D7FDC1E4C68F300EC12F0 /* PBXContainerItemProxy */ = {
			isa = PBXContainerItemProxy;
			containerPortal = 608D7FBF1E4C68F300EC12F0 /* Project object */;
			proxyType = 1;
			remoteGlobalIDString = 608D7FC61E4C68F300EC12F0;
			remoteInfo = MyFirstTableViewProject;
		};
		608D7FE71E4C68F400EC12F0 /* PBXContainerItemProxy */ = {
			isa = PBXContainerItemProxy;
			containerPortal = 608D7FBF1E4C68F300EC12F0 /* Project object */;
			proxyType = 1;
			remoteGlobalIDString = 608D7FC61E4C68F300EC12F0;
			remoteInfo = MyFirstTableViewProject;
		};
/* End PBXContainerItemProxy section */

/* Begin PBXFileReference section */
		608D7FC71E4C68F300EC12F0 /* MyFirstTableViewProject.app */ = {isa = PBXFileReference; explicitFileType = wrapper.application; includeInIndex = 0; path = MyFirstTableViewProject.app; sourceTree = BUILT_PRODUCTS_DIR; };
		608D7FCA1E4C68F300EC12F0 /* AppDelegate.swift */ = {isa = PBXFileReference; lastKnownFileType = sourcecode.swift; path = AppDelegate.swift; sourceTree = "<group>"; };
		608D7FCF1E4C68F300EC12F0 /* Base */ = {isa = PBXFileReference; lastKnownFileType = file.storyboard; name = Base; path = Base.lproj/Main.storyboard; sourceTree = "<group>"; };
		608D7FD11E4C68F300EC12F0 /* Assets.xcassets */ = {isa = PBXFileReference; lastKnownFileType = folder.assetcatalog; path = Assets.xcassets; sourceTree = "<group>"; };
		608D7FD41E4C68F300EC12F0 /* Base */ = {isa = PBXFileReference; lastKnownFileType = file.storyboard; name = Base; path = Base.lproj/LaunchScreen.storyboard; sourceTree = "<group>"; };
		608D7FD61E4C68F300EC12F0 /* Info.plist */ = {isa = PBXFileReference; lastKnownFileType = text.plist.xml; path = Info.plist; sourceTree = "<group>"; };
		608D7FDB1E4C68F300EC12F0 /* MyFirstTableViewProjectTests.xctest */ = {isa = PBXFileReference; explicitFileType = wrapper.cfbundle; includeInIndex = 0; path = MyFirstTableViewProjectTests.xctest; sourceTree = BUILT_PRODUCTS_DIR; };
		608D7FDF1E4C68F300EC12F0 /* MyFirstTableViewProjectTests.swift */ = {isa = PBXFileReference; lastKnownFileType = sourcecode.swift; path = MyFirstTableViewProjectTests.swift; sourceTree = "<group>"; };
		608D7FE11E4C68F300EC12F0 /* Info.plist */ = {isa = PBXFileReference; lastKnownFileType = text.plist.xml; path = Info.plist; sourceTree = "<group>"; };
		608D7FE61E4C68F400EC12F0 /* MyFirstTableViewProjectUITests.xctest */ = {isa = PBXFileReference; explicitFileType = wrapper.cfbundle; includeInIndex = 0; path = MyFirstTableViewProjectUITests.xctest; sourceTree = BUILT_PRODUCTS_DIR; };
		608D7FEA1E4C68F400EC12F0 /* MyFirstTableViewProjectUITests.swift */ = {isa = PBXFileReference; lastKnownFileType = sourcecode.swift; path = MyFirstTableViewProjectUITests.swift; sourceTree = "<group>"; };
		608D7FEC1E4C68F400EC12F0 /* Info.plist */ = {isa = PBXFileReference; lastKnownFileType = text.plist.xml; path = Info.plist; sourceTree = "<group>"; };
		608D7FF81E4C6A7E00EC12F0 /* TheTableViewController.swift */ = {isa = PBXFileReference; fileEncoding = 4; lastKnownFileType = sourcecode.swift; path = TheTableViewController.swift; sourceTree = "<group>"; };
/* End PBXFileReference section */

/* Begin PBXFrameworksBuildPhase section */
		608D7FC41E4C68F300EC12F0 /* Frameworks */ = {
			isa = PBXFrameworksBuildPhase;
			buildActionMask = 2147483647;
			files = (
			);
			runOnlyForDeploymentPostprocessing = 0;
		};
		608D7FD81E4C68F300EC12F0 /* Frameworks */ = {
			isa = PBXFrameworksBuildPhase;
			buildActionMask = 2147483647;
			files = (
			);
			runOnlyForDeploymentPostprocessing = 0;
		};
		608D7FE31E4C68F400EC12F0 /* Frameworks */ = {
			isa = PBXFrameworksBuildPhase;
			buildActionMask = 2147483647;
			files = (
			);
			runOnlyForDeploymentPostprocessing = 0;
		};
/* End PBXFrameworksBuildPhase section */

/* Begin PBXGroup section */
		608D7FBE1E4C68F300EC12F0 = {
			isa = PBXGroup;
			children = (
				608D7FC91E4C68F300EC12F0 /* MyFirstTableViewProject */,
				608D7FDE1E4C68F300EC12F0 /* MyFirstTableViewProjectTests */,
				608D7FE91E4C68F400EC12F0 /* MyFirstTableViewProjectUITests */,
				608D7FC81E4C68F300EC12F0 /* Products */,
			);
			sourceTree = "<group>";
		};
		608D7FC81E4C68F300EC12F0 /* Products */ = {
			isa = PBXGroup;
			children = (
				608D7FC71E4C68F300EC12F0 /* MyFirstTableViewProject.app */,
				608D7FDB1E4C68F300EC12F0 /* MyFirstTableViewProjectTests.xctest */,
				608D7FE61E4C68F400EC12F0 /* MyFirstTableViewProjectUITests.xctest */,
			);
			name = Products;
			sourceTree = "<group>";
		};
		608D7FC91E4C68F300EC12F0 /* MyFirstTableViewProject */ = {
			isa = PBXGroup;
			children = (
				608D7FCA1E4C68F300EC12F0 /* AppDelegate.swift */,
				608D7FD31E4C68F300EC12F0 /* LaunchScreen.storyboard */,
				608D7FF81E4C6A7E00EC12F0 /* TheTableViewController.swift */,
				608D7FCE1E4C68F300EC12F0 /* Main.storyboard */,
				608D7FD11E4C68F300EC12F0 /* Assets.xcassets */,
				608D7FD61E4C68F300EC12F0 /* Info.plist */,
			);
			path = MyFirstTableViewProject;
			sourceTree = "<group>";
		};
		608D7FDE1E4C68F300EC12F0 /* MyFirstTableViewProjectTests */ = {
			isa = PBXGroup;
			children = (
				608D7FDF1E4C68F300EC12F0 /* MyFirstTableViewProjectTests.swift */,
				608D7FE11E4C68F300EC12F0 /* Info.plist */,
			);
			path = MyFirstTableViewProjectTests;
			sourceTree = "<group>";
		};
		608D7FE91E4C68F400EC12F0 /* MyFirstTableViewProjectUITests */ = {
			isa = PBXGroup;
			children = (
				608D7FEA1E4C68F400EC12F0 /* MyFirstTableViewProjectUITests.swift */,
				608D7FEC1E4C68F400EC12F0 /* Info.plist */,
			);
			path = MyFirstTableViewProjectUITests;
			sourceTree = "<group>";
		};
/* End PBXGroup section */

/* Begin PBXNativeTarget section */
		608D7FC61E4C68F300EC12F0 /* MyFirstTableViewProject */ = {
			isa = PBXNativeTarget;
			buildConfigurationList = 608D7FEF1E4C68F400EC12F0 /* Build configuration list for PBXNativeTarget "MyFirstTableViewProject" */;
			buildPhases = (
				608D7FC31E4C68F300EC12F0 /* Sources */,
				608D7FC41E4C68F300EC12F0 /* Frameworks */,
				608D7FC51E4C68F300EC12F0 /* Resources */,
			);
			buildRules = (
			);
			dependencies = (
			);
			name = MyFirstTableViewProject;
			productName = MyFirstTableViewProject;
			productReference = 608D7FC71E4C68F300EC12F0 /* MyFirstTableViewProject.app */;
			productType = "com.apple.product-type.application";
		};
		608D7FDA1E4C68F300EC12F0 /* MyFirstTableViewProjectTests */ = {
			isa = PBXNativeTarget;
			buildConfigurationList = 608D7FF21E4C68F400EC12F0 /* Build configuration list for PBXNativeTarget "MyFirstTableViewProjectTests" */;
			buildPhases = (
				608D7FD71E4C68F300EC12F0 /* Sources */,
				608D7FD81E4C68F300EC12F0 /* Frameworks */,
				608D7FD91E4C68F300EC12F0 /* Resources */,
			);
			buildRules = (
			);
			dependencies = (
				608D7FDD1E4C68F300EC12F0 /* PBXTargetDependency */,
			);
			name = MyFirstTableViewProjectTests;
			productName = MyFirstTableViewProjectTests;
			productReference = 608D7FDB1E4C68F300EC12F0 /* MyFirstTableViewProjectTests.xctest */;
			productType = "com.apple.product-type.bundle.unit-test";
		};
		608D7FE51E4C68F400EC12F0 /* MyFirstTableViewProjectUITests */ = {
			isa = PBXNativeTarget;
			buildConfigurationList = 608D7FF51E4C68F400EC12F0 /* Build configuration list for PBXNativeTarget "MyFirstTableViewProjectUITests" */;
			buildPhases = (
				608D7FE21E4C68F400EC12F0 /* Sources */,
				608D7FE31E4C68F400EC12F0 /* Frameworks */,
				608D7FE41E4C68F400EC12F0 /* Resources */,
			);
			buildRules = (
			);
			dependencies = (
				608D7FE81E4C68F400EC12F0 /* PBXTargetDependency */,
			);
			name = MyFirstTableViewProjectUITests;
			productName = MyFirstTableViewProjectUITests;
			productReference = 608D7FE61E4C68F400EC12F0 /* MyFirstTableViewProjectUITests.xctest */;
			productType = "com.apple.product-type.bundle.ui-testing";
		};
/* End PBXNativeTarget section */

/* Begin PBXProject section */
		608D7FBF1E4C68F300EC12F0 /* Project object */ = {
			isa = PBXProject;
			attributes = {
				LastSwiftUpdateCheck = 0830;
				LastUpgradeCheck = 0830;
				ORGANIZATIONNAME = "Jeroen de Bie";
				TargetAttributes = {
					608D7FC61E4C68F300EC12F0 = {
						CreatedOnToolsVersion = 8.3;
						DevelopmentTeam = 6CB7HT7995;
						ProvisioningStyle = Automatic;
					};
					608D7FDA1E4C68F300EC12F0 = {
						CreatedOnToolsVersion = 8.3;
						DevelopmentTeam = 6CB7HT7995;
						ProvisioningStyle = Automatic;
						TestTargetID = 608D7FC61E4C68F300EC12F0;
					};
					608D7FE51E4C68F400EC12F0 = {
						CreatedOnToolsVersion = 8.3;
						DevelopmentTeam = 6CB7HT7995;
						ProvisioningStyle = Automatic;
						TestTargetID = 608D7FC61E4C68F300EC12F0;
					};
				};
			};
			buildConfigurationList = 608D7FC21E4C68F300EC12F0 /* Build configuration list for PBXProject "MyFirstTableViewProject" */;
			compatibilityVersion = "Xcode 3.2";
			developmentRegion = English;
			hasScannedForEncodings = 0;
			knownRegions = (
				en,
				Base,
			);
			mainGroup = 608D7FBE1E4C68F300EC12F0;
			productRefGroup = 608D7FC81E4C68F300EC12F0 /* Products */;
			projectDirPath = "";
			projectRoot = "";
			targets = (
				608D7FC61E4C68F300EC12F0 /* MyFirstTableViewProject */,
				608D7FDA1E4C68F300EC12F0 /* MyFirstTableViewProjectTests */,
				608D7FE51E4C68F400EC12F0 /* MyFirstTableViewProjectUITests */,
			);
		};
/* End PBXProject section */

/* Begin PBXResourcesBuildPhase section */
		608D7FC51E4C68F300EC12F0 /* Resources */ = {
			isa = PBXResourcesBuildPhase;
			buildActionMask = 2147483647;
			files = (
				608D7FD51E4C68F300EC12F0 /* LaunchScreen.storyboard in Resources */,
				608D7FD21E4C68F300EC12F0 /* Assets.xcassets in Resources */,
				608D7FD01E4C68F300EC12F0 /* Main.storyboard in Resources */,
			);
			runOnlyForDeploymentPostprocessing = 0;
		};
		608D7FD91E4C68F300EC12F0 /* Resources */ = {
			isa = PBXResourcesBuildPhase;
			buildActionMask = 2147483647;
			files = (
			);
			runOnlyForDeploymentPostprocessing = 0;
		};
		608D7FE41E4C68F400EC12F0 /* Resources */ = {
			isa = PBXResourcesBuildPhase;
			buildActionMask = 2147483647;
			files = (
			);
			runOnlyForDeploymentPostprocessing = 0;
		};
/* End PBXResourcesBuildPhase section */

/* Begin PBXSourcesBuildPhase section */
		608D7FC31E4C68F300EC12F0 /* Sources */ = {
			isa = PBXSourcesBuildPhase;
			buildActionMask = 2147483647;
			files = (
				608D7FCB1E4C68F300EC12F0 /* AppDelegate.swift in Sources */,
				608D7FF91E4C6A7E00EC12F0 /* TheTableViewController.swift in Sources */,
			);
			runOnlyForDeploymentPostprocessing = 0;
		};
		608D7FD71E4C68F300EC12F0 /* Sources */ = {
			isa = PBXSourcesBuildPhase;
			buildActionMask = 2147483647;
			files = (
				608D7FE01E4C68F300EC12F0 /* MyFirstTableViewProjectTests.swift in Sources */,
			);
			runOnlyForDeploymentPostprocessing = 0;
		};
		608D7FE21E4C68F400EC12F0 /* Sources */ = {
			isa = PBXSourcesBuildPhase;
			buildActionMask = 2147483647;
			files = (
				608D7FEB1E4C68F400EC12F0 /* MyFirstTableViewProjectUITests.swift in Sources */,
			);
			runOnlyForDeploymentPostprocessing = 0;
		};
/* End PBXSourcesBuildPhase section */

/* Begin PBXTargetDependency section */
		608D7FDD1E4C68F300EC12F0 /* PBXTargetDependency */ = {
			isa = PBXTargetDependency;
			target = 608D7FC61E4C68F300EC12F0 /* MyFirstTableViewProject */;
			targetProxy = 608D7FDC1E4C68F300EC12F0 /* PBXContainerItemProxy */;
		};
		608D7FE81E4C68F400EC12F0 /* PBXTargetDependency */ = {
			isa = PBXTargetDependency;
			target = 608D7FC61E4C68F300EC12F0 /* MyFirstTableViewProject */;
			targetProxy = 608D7FE71E4C68F400EC12F0 /* PBXContainerItemProxy */;
		};
/* End PBXTargetDependency section */

/* Begin PBXVariantGroup section */
		608D7FCE1E4C68F300EC12F0 /* Main.storyboard */ = {
			isa = PBXVariantGroup;
			children = (
				608D7FCF1E4C68F300EC12F0 /* Base */,
			);
			name = Main.storyboard;
			sourceTree = "<group>";
		};
		608D7FD31E4C68F300EC12F0 /* LaunchScreen.storyboard */ = {
			isa = PBXVariantGroup;
			children = (
				608D7FD41E4C68F300EC12F0 /* Base */,
			);
			name = LaunchScreen.storyboard;
			sourceTree = "<group>";
		};
/* End PBXVariantGroup section */

/* Begin XCBuildConfiguration section */
		608D7FED1E4C68F400EC12F0 /* Debug */ = {
			isa = XCBuildConfiguration;
			buildSettings = {
				ALWAYS_SEARCH_USER_PATHS = NO;
				CLANG_ANALYZER_NONNULL = YES;
				CLANG_ANALYZER_NUMBER_OBJECT_CONVERSION = YES_AGGRESSIVE;
				CLANG_CXX_LANGUAGE_STANDARD = "gnu++0x";
				CLANG_CXX_LIBRARY = "libc++";
				CLANG_ENABLE_MODULES = YES;
				CLANG_ENABLE_OBJC_ARC = YES;
				CLANG_WARN_BOOL_CONVERSION = YES;
				CLANG_WARN_CONSTANT_CONVERSION = YES;
				CLANG_WARN_DIRECT_OBJC_ISA_USAGE = YES_ERROR;
				CLANG_WARN_DOCUMENTATION_COMMENTS = YES;
				CLANG_WARN_EMPTY_BODY = YES;
				CLANG_WARN_ENUM_CONVERSION = YES;
				CLANG_WARN_INFINITE_RECURSION = YES;
				CLANG_WARN_INT_CONVERSION = YES;
				CLANG_WARN_OBJC_ROOT_CLASS = YES_ERROR;
				CLANG_WARN_SUSPICIOUS_MOVE = YES;
				CLANG_WARN_UNREACHABLE_CODE = YES;
				CLANG_WARN__DUPLICATE_METHOD_MATCH = YES;
				"CODE_SIGN_IDENTITY[sdk=iphoneos*]" = "iPhone Developer";
				COPY_PHASE_STRIP = NO;
				DEBUG_INFORMATION_FORMAT = dwarf;
				ENABLE_STRICT_OBJC_MSGSEND = YES;
				ENABLE_TESTABILITY = YES;
				GCC_C_LANGUAGE_STANDARD = gnu99;
				GCC_DYNAMIC_NO_PIC = NO;
				GCC_NO_COMMON_BLOCKS = YES;
				GCC_OPTIMIZATION_LEVEL = 0;
				GCC_PREPROCESSOR_DEFINITIONS = (
					"DEBUG=1",
					"$(inherited)",
				);
				GCC_WARN_64_TO_32_BIT_CONVERSION = YES;
				GCC_WARN_ABOUT_RETURN_TYPE = YES_ERROR;
				GCC_WARN_UNDECLARED_SELECTOR = YES;
				GCC_WARN_UNINITIALIZED_AUTOS = YES_AGGRESSIVE;
				GCC_WARN_UNUSED_FUNCTION = YES;
				GCC_WARN_UNUSED_VARIABLE = YES;
				IPHONEOS_DEPLOYMENT_TARGET = 10.3;
				MTL_ENABLE_DEBUG_INFO = YES;
				ONLY_ACTIVE_ARCH = YES;
				SDKROOT = iphoneos;
				SWIFT_ACTIVE_COMPILATION_CONDITIONS = DEBUG;
				SWIFT_OPTIMIZATION_LEVEL = "-Onone";
				TARGETED_DEVICE_FAMILY = "1,2";
			};
			name = Debug;
		};
		608D7FEE1E4C68F400EC12F0 /* Release */ = {
			isa = XCBuildConfiguration;
			buildSettings = {
				ALWAYS_SEARCH_USER_PATHS = NO;
				CLANG_ANALYZER_NONNULL = YES;
				CLANG_ANALYZER_NUMBER_OBJECT_CONVERSION = YES_AGGRESSIVE;
				CLANG_CXX_LANGUAGE_STANDARD = "gnu++0x";
				CLANG_CXX_LIBRARY = "libc++";
				CLANG_ENABLE_MODULES = YES;
				CLANG_ENABLE_OBJC_ARC = YES;
				CLANG_WARN_BOOL_CONVERSION = YES;
				CLANG_WARN_CONSTANT_CONVERSION = YES;
				CLANG_WARN_DIRECT_OBJC_ISA_USAGE = YES_ERROR;
				CLANG_WARN_DOCUMENTATION_COMMENTS = YES;
				CLANG_WARN_EMPTY_BODY = YES;
				CLANG_WARN_ENUM_CONVERSION = YES;
				CLANG_WARN_INFINITE_RECURSION = YES;
				CLANG_WARN_INT_CONVERSION = YES;
				CLANG_WARN_OBJC_ROOT_CLASS = YES_ERROR;
				CLANG_WARN_SUSPICIOUS_MOVE = YES;
				CLANG_WARN_UNREACHABLE_CODE = YES;
				CLANG_WARN__DUPLICATE_METHOD_MATCH = YES;
				"CODE_SIGN_IDENTITY[sdk=iphoneos*]" = "iPhone Developer";
				COPY_PHASE_STRIP = NO;
				DEBUG_INFORMATION_FORMAT = "dwarf-with-dsym";
				ENABLE_NS_ASSERTIONS = NO;
				ENABLE_STRICT_OBJC_MSGSEND = YES;
				GCC_C_LANGUAGE_STANDARD = gnu99;
				GCC_NO_COMMON_BLOCKS = YES;
				GCC_WARN_64_TO_32_BIT_CONVERSION = YES;
				GCC_WARN_ABOUT_RETURN_TYPE = YES_ERROR;
				GCC_WARN_UNDECLARED_SELECTOR = YES;
				GCC_WARN_UNINITIALIZED_AUTOS = YES_AGGRESSIVE;
				GCC_WARN_UNUSED_FUNCTION = YES;
				GCC_WARN_UNUSED_VARIABLE = YES;
				IPHONEOS_DEPLOYMENT_TARGET = 10.3;
				MTL_ENABLE_DEBUG_INFO = NO;
				SDKROOT = iphoneos;
				SWIFT_OPTIMIZATION_LEVEL = "-Owholemodule";
				TARGETED_DEVICE_FAMILY = "1,2";
				VALIDATE_PRODUCT = YES;
			};
			name = Release;
		};
		608D7FF01E4C68F400EC12F0 /* Debug */ = {
			isa = XCBuildConfiguration;
			buildSettings = {
				ASSETCATALOG_COMPILER_APPICON_NAME = AppIcon;
				ASSETCATALOG_COMPILER_LAUNCHIMAGE_NAME = LaunchImage;
				DEVELOPMENT_TEAM = 6CB7HT7995;
				INFOPLIST_FILE = MyFirstTableViewProject/Info.plist;
				IPHONEOS_DEPLOYMENT_TARGET = 10.2;
				LD_RUNPATH_SEARCH_PATHS = "$(inherited) @executable_path/Frameworks";
				PRODUCT_BUNDLE_IDENTIFIER = nl.deBie.MyFirstTableViewProject;
				PRODUCT_NAME = "$(TARGET_NAME)";
				SWIFT_VERSION = 3.0;
			};
			name = Debug;
		};
		608D7FF11E4C68F400EC12F0 /* Release */ = {
			isa = XCBuildConfiguration;
			buildSettings = {
				ASSETCATALOG_COMPILER_APPICON_NAME = AppIcon;
				ASSETCATALOG_COMPILER_LAUNCHIMAGE_NAME = LaunchImage;
				DEVELOPMENT_TEAM = 6CB7HT7995;
				INFOPLIST_FILE = MyFirstTableViewProject/Info.plist;
				IPHONEOS_DEPLOYMENT_TARGET = 10.2;
				LD_RUNPATH_SEARCH_PATHS = "$(inherited) @executable_path/Frameworks";
				PRODUCT_BUNDLE_IDENTIFIER = nl.deBie.MyFirstTableViewProject;
				PRODUCT_NAME = "$(TARGET_NAME)";
				SWIFT_VERSION = 3.0;
			};
			name = Release;
		};
		608D7FF31E4C68F400EC12F0 /* Debug */ = {
			isa = XCBuildConfiguration;
			buildSettings = {
				ALWAYS_EMBED_SWIFT_STANDARD_LIBRARIES = YES;
				BUNDLE_LOADER = "$(TEST_HOST)";
				DEVELOPMENT_TEAM = 6CB7HT7995;
				INFOPLIST_FILE = MyFirstTableViewProjectTests/Info.plist;
				LD_RUNPATH_SEARCH_PATHS = "$(inherited) @executable_path/Frameworks @loader_path/Frameworks";
				PRODUCT_BUNDLE_IDENTIFIER = nl.deBie.MyFirstTableViewProjectTests;
				PRODUCT_NAME = "$(TARGET_NAME)";
				SWIFT_VERSION = 3.0;
				TEST_HOST = "$(BUILT_PRODUCTS_DIR)/MyFirstTableViewProject.app/MyFirstTableViewProject";
			};
			name = Debug;
		};
		608D7FF41E4C68F400EC12F0 /* Release */ = {
			isa = XCBuildConfiguration;
			buildSettings = {
				ALWAYS_EMBED_SWIFT_STANDARD_LIBRARIES = YES;
				BUNDLE_LOADER = "$(TEST_HOST)";
				DEVELOPMENT_TEAM = 6CB7HT7995;
				INFOPLIST_FILE = MyFirstTableViewProjectTests/Info.plist;
				LD_RUNPATH_SEARCH_PATHS = "$(inherited) @executable_path/Frameworks @loader_path/Frameworks";
				PRODUCT_BUNDLE_IDENTIFIER = nl.deBie.MyFirstTableViewProjectTests;
				PRODUCT_NAME = "$(TARGET_NAME)";
				SWIFT_VERSION = 3.0;
				TEST_HOST = "$(BUILT_PRODUCTS_DIR)/MyFirstTableViewProject.app/MyFirstTableViewProject";
			};
			name = Release;
		};
		608D7FF61E4C68F400EC12F0 /* Debug */ = {
			isa = XCBuildConfiguration;
			buildSettings = {
				ALWAYS_EMBED_SWIFT_STANDARD_LIBRARIES = YES;
				DEVELOPMENT_TEAM = 6CB7HT7995;
				INFOPLIST_FILE = MyFirstTableViewProjectUITests/Info.plist;
				LD_RUNPATH_SEARCH_PATHS = "$(inherited) @executable_path/Frameworks @loader_path/Frameworks";
				PRODUCT_BUNDLE_IDENTIFIER = nl.deBie.MyFirstTableViewProjectUITests;
				PRODUCT_NAME = "$(TARGET_NAME)";
				SWIFT_VERSION = 3.0;
				TEST_TARGET_NAME = MyFirstTableViewProject;
			};
			name = Debug;
		};
		608D7FF71E4C68F400EC12F0 /* Release */ = {
			isa = XCBuildConfiguration;
			buildSettings = {
				ALWAYS_EMBED_SWIFT_STANDARD_LIBRARIES = YES;
				DEVELOPMENT_TEAM = 6CB7HT7995;
				INFOPLIST_FILE = MyFirstTableViewProjectUITests/Info.plist;
				LD_RUNPATH_SEARCH_PATHS = "$(inherited) @executable_path/Frameworks @loader_path/Frameworks";
				PRODUCT_BUNDLE_IDENTIFIER = nl.deBie.MyFirstTableViewProjectUITests;
				PRODUCT_NAME = "$(TARGET_NAME)";
				SWIFT_VERSION = 3.0;
				TEST_TARGET_NAME = MyFirstTableViewProject;
			};
			name = Release;
		};
/* End XCBuildConfiguration section */

/* Begin XCConfigurationList section */
		608D7FC21E4C68F300EC12F0 /* Build configuration list for PBXProject "MyFirstTableViewProject" */ = {
			isa = XCConfigurationList;
			buildConfigurations = (
				608D7FED1E4C68F400EC12F0 /* Debug */,
				608D7FEE1E4C68F400EC12F0 /* Release */,
			);
			defaultConfigurationIsVisible = 0;
			defaultConfigurationName = Release;
		};
		608D7FEF1E4C68F400EC12F0 /* Build configuration list for PBXNativeTarget "MyFirstTableViewProject" */ = {
			isa = XCConfigurationList;
			buildConfigurations = (
				608D7FF01E4C68F400EC12F0 /* Debug */,
				608D7FF11E4C68F400EC12F0 /* Release */,
			);
			defaultConfigurationIsVisible = 0;
			defaultConfigurationName = Release;
		};
		608D7FF21E4C68F400EC12F0 /* Build configuration list for PBXNativeTarget "MyFirstTableViewProjectTests" */ = {
			isa = XCConfigurationList;
			buildConfigurations = (
				608D7FF31E4C68F400EC12F0 /* Debug */,
				608D7FF41E4C68F400EC12F0 /* Release */,
			);
			defaultConfigurationIsVisible = 0;
			defaultConfigurationName = Release;
		};
		608D7FF51E4C68F400EC12F0 /* Build configuration list for PBXNativeTarget "MyFirstTableViewProjectUITests" */ = {
			isa = XCConfigurationList;
			buildConfigurations = (
				608D7FF61E4C68F400EC12F0 /* Debug */,
				608D7FF71E4C68F400EC12F0 /* Release */,
			);
			defaultConfigurationIsVisible = 0;
			defaultConfigurationName = Release;
		};
/* End XCConfigurationList section */
	};
	rootObject = 608D7FBF1E4C68F300EC12F0 /* Project object */;
}
