// !$*UTF8*$!
{
	archiveVersion = 1;
	classes = {
	};
	objectVersion = 46;
	objects = {

/* Begin PBXBuildFile section */
		602285F71E5A033F0015617A /* main.swift in Sources */ = {isa = PBXBuildFile; fileRef = 602285F61E5A033F0015617A /* main.swift */; };
		602285FE1E5A03690015617A /* Enum.swift in Sources */ = {isa = PBXBuildFile; fileRef = 602285FD1E5A03690015617A /* Enum.swift */; };
		602286001E5A04F90015617A /* Bone.swift in Sources */ = {isa = PBXBuildFile; fileRef = 602285FF1E5A04F90015617A /* Bone.swift */; };
		602286021E5A27190015617A /* Human.swift in Sources */ = {isa = PBXBuildFile; fileRef = 602286011E5A27190015617A /* Human.swift */; };
		602286041E5A28CA0015617A /* Boy.swift in Sources */ = {isa = PBXBuildFile; fileRef = 602286031E5A28CA0015617A /* Boy.swift */; };
		602286061E5A34390015617A /* Monster.swift in Sources */ = {isa = PBXBuildFile; fileRef = 602286051E5A34390015617A /* Monster.swift */; };
/* End PBXBuildFile section */

/* Begin PBXCopyFilesBuildPhase section */
		602285F11E5A033E0015617A /* CopyFiles */ = {
			isa = PBXCopyFilesBuildPhase;
			buildActionMask = 2147483647;
			dstPath = /usr/share/man/man1/;
			dstSubfolderSpec = 0;
			files = (
			);
			runOnlyForDeploymentPostprocessing = 1;
		};
/* End PBXCopyFilesBuildPhase section */

/* Begin PBXFileReference section */
		602285F31E5A033F0015617A /* BonePod */ = {isa = PBXFileReference; explicitFileType = "compiled.mach-o.executable"; includeInIndex = 0; path = BonePod; sourceTree = BUILT_PRODUCTS_DIR; };
		602285F61E5A033F0015617A /* main.swift */ = {isa = PBXFileReference; lastKnownFileType = sourcecode.swift; path = main.swift; sourceTree = "<group>"; };
		602285FD1E5A03690015617A /* Enum.swift */ = {isa = PBXFileReference; fileEncoding = 4; lastKnownFileType = sourcecode.swift; path = Enum.swift; sourceTree = "<group>"; };
		602285FF1E5A04F90015617A /* Bone.swift */ = {isa = PBXFileReference; fileEncoding = 4; lastKnownFileType = sourcecode.swift; path = Bone.swift; sourceTree = "<group>"; };
		602286011E5A27190015617A /* Human.swift */ = {isa = PBXFileReference; fileEncoding = 4; lastKnownFileType = sourcecode.swift; path = Human.swift; sourceTree = "<group>"; };
		602286031E5A28CA0015617A /* Boy.swift */ = {isa = PBXFileReference; fileEncoding = 4; lastKnownFileType = sourcecode.swift; path = Boy.swift; sourceTree = "<group>"; };
		602286051E5A34390015617A /* Monster.swift */ = {isa = PBXFileReference; fileEncoding = 4; lastKnownFileType = sourcecode.swift; path = Monster.swift; sourceTree = "<group>"; };
/* End PBXFileReference section */

/* Begin PBXFrameworksBuildPhase section */
		602285F01E5A033E0015617A /* Frameworks */ = {
			isa = PBXFrameworksBuildPhase;
			buildActionMask = 2147483647;
			files = (
			);
			runOnlyForDeploymentPostprocessing = 0;
		};
/* End PBXFrameworksBuildPhase section */

/* Begin PBXGroup section */
		602285EA1E5A033E0015617A = {
			isa = PBXGroup;
			children = (
				602285F51E5A033F0015617A /* BonePod */,
				602285F41E5A033F0015617A /* Products */,
			);
			sourceTree = "<group>";
		};
		602285F41E5A033F0015617A /* Products */ = {
			isa = PBXGroup;
			children = (
				602285F31E5A033F0015617A /* BonePod */,
			);
			name = Products;
			sourceTree = "<group>";
		};
		602285F51E5A033F0015617A /* BonePod */ = {
			isa = PBXGroup;
			children = (
				602285F61E5A033F0015617A /* main.swift */,
				602286051E5A34390015617A /* Monster.swift */,
				602285FD1E5A03690015617A /* Enum.swift */,
				602285FF1E5A04F90015617A /* Bone.swift */,
				602286011E5A27190015617A /* Human.swift */,
				602286031E5A28CA0015617A /* Boy.swift */,
			);
			path = BonePod;
			sourceTree = "<group>";
		};
/* End PBXGroup section */

/* Begin PBXNativeTarget section */
		602285F21E5A033E0015617A /* BonePod */ = {
			isa = PBXNativeTarget;
			buildConfigurationList = 602285FA1E5A033F0015617A /* Build configuration list for PBXNativeTarget "BonePod" */;
			buildPhases = (
				602285EF1E5A033E0015617A /* Sources */,
				602285F01E5A033E0015617A /* Frameworks */,
				602285F11E5A033E0015617A /* CopyFiles */,
			);
			buildRules = (
			);
			dependencies = (
			);
			name = BonePod;
			productName = BonePod;
			productReference = 602285F31E5A033F0015617A /* BonePod */;
			productType = "com.apple.product-type.tool";
		};
/* End PBXNativeTarget section */

/* Begin PBXProject section */
		602285EB1E5A033E0015617A /* Project object */ = {
			isa = PBXProject;
			attributes = {
				LastSwiftUpdateCheck = 0820;
				LastUpgradeCheck = 0820;
				ORGANIZATIONNAME = "Jeroen de Bie";
				TargetAttributes = {
					602285F21E5A033E0015617A = {
						CreatedOnToolsVersion = 8.2.1;
						DevelopmentTeam = 6CB7HT7995;
						ProvisioningStyle = Automatic;
					};
				};
			};
			buildConfigurationList = 602285EE1E5A033E0015617A /* Build configuration list for PBXProject "BonePod" */;
			compatibilityVersion = "Xcode 3.2";
			developmentRegion = English;
			hasScannedForEncodings = 0;
			knownRegions = (
				en,
			);
			mainGroup = 602285EA1E5A033E0015617A;
			productRefGroup = 602285F41E5A033F0015617A /* Products */;
			projectDirPath = "";
			projectRoot = "";
			targets = (
				602285F21E5A033E0015617A /* BonePod */,
			);
		};
/* End PBXProject section */

/* Begin PBXSourcesBuildPhase section */
		602285EF1E5A033E0015617A /* Sources */ = {
			isa = PBXSourcesBuildPhase;
			buildActionMask = 2147483647;
			files = (
				602285FE1E5A03690015617A /* Enum.swift in Sources */,
				602285F71E5A033F0015617A /* main.swift in Sources */,
				602286001E5A04F90015617A /* Bone.swift in Sources */,
				602286021E5A27190015617A /* Human.swift in Sources */,
				602286061E5A34390015617A /* Monster.swift in Sources */,
				602286041E5A28CA0015617A /* Boy.swift in Sources */,
			);
			runOnlyForDeploymentPostprocessing = 0;
		};
/* End PBXSourcesBuildPhase section */

/* Begin XCBuildConfiguration section */
		602285F81E5A033F0015617A /* Debug */ = {
			isa = XCBuildConfiguration;
			buildSettings = {
				ALWAYS_SEARCH_USER_PATHS = NO;
				CLANG_ANALYZER_NONNULL = YES;
				CLANG_CXX_LANGUAGE_STANDARD = "gnu++0x";
				CLANG_CXX_LIBRARY = "libc++";
				CLANG_ENABLE_MODULES = YES;
				CLANG_ENABLE_OBJC_ARC = YES;
				CLANG_WARN_BOOL_CONVERSION = YES;
				CLANG_WARN_CONSTANT_CONVERSION = YES;
				CLANG_WARN_DIRECT_OBJC_ISA_USAGE = YES_ERROR;
				CLANG_WARN_DOCUMENTATION_COMMENTS = YES;
				CLANG_WARN_EMPTY_BODY = YES;
				CLANG_WARN_ENUM_CONVERSION = YES;
				CLANG_WARN_INFINITE_RECURSION = YES;
				CLANG_WARN_INT_CONVERSION = YES;
				CLANG_WARN_OBJC_ROOT_CLASS = YES_ERROR;
				CLANG_WARN_SUSPICIOUS_MOVE = YES;
				CLANG_WARN_UNREACHABLE_CODE = YES;
				CLANG_WARN__DUPLICATE_METHOD_MATCH = YES;
				CODE_SIGN_IDENTITY = "-";
				COPY_PHASE_STRIP = NO;
				DEBUG_INFORMATION_FORMAT = dwarf;
				ENABLE_STRICT_OBJC_MSGSEND = YES;
				ENABLE_TESTABILITY = YES;
				GCC_C_LANGUAGE_STANDARD = gnu99;
				GCC_DYNAMIC_NO_PIC = NO;
				GCC_NO_COMMON_BLOCKS = YES;
				GCC_OPTIMIZATION_LEVEL = 0;
				GCC_PREPROCESSOR_DEFINITIONS = (
					"DEBUG=1",
					"$(inherited)",
				);
				GCC_WARN_64_TO_32_BIT_CONVERSION = YES;
				GCC_WARN_ABOUT_RETURN_TYPE = YES_ERROR;
				GCC_WARN_UNDECLARED_SELECTOR = YES;
				GCC_WARN_UNINITIALIZED_AUTOS = YES_AGGRESSIVE;
				GCC_WARN_UNUSED_FUNCTION = YES;
				GCC_WARN_UNUSED_VARIABLE = YES;
				MACOSX_DEPLOYMENT_TARGET = 10.12;
				MTL_ENABLE_DEBUG_INFO = YES;
				ONLY_ACTIVE_ARCH = YES;
				SDKROOT = macosx;
				SWIFT_OPTIMIZATION_LEVEL = "-Onone";
			};
			name = Debug;
		};
		602285F91E5A033F0015617A /* Release */ = {
			isa = XCBuildConfiguration;
			buildSettings = {
				ALWAYS_SEARCH_USER_PATHS = NO;
				CLANG_ANALYZER_NONNULL = YES;
				CLANG_CXX_LANGUAGE_STANDARD = "gnu++0x";
				CLANG_CXX_LIBRARY = "libc++";
				CLANG_ENABLE_MODULES = YES;
				CLANG_ENABLE_OBJC_ARC = YES;
				CLANG_WARN_BOOL_CONVERSION = YES;
				CLANG_WARN_CONSTANT_CONVERSION = YES;
				CLANG_WARN_DIRECT_OBJC_ISA_USAGE = YES_ERROR;
				CLANG_WARN_DOCUMENTATION_COMMENTS = YES;
				CLANG_WARN_EMPTY_BODY = YES;
				CLANG_WARN_ENUM_CONVERSION = YES;
				CLANG_WARN_INFINITE_RECURSION = YES;
				CLANG_WARN_INT_CONVERSION = YES;
				CLANG_WARN_OBJC_ROOT_CLASS = YES_ERROR;
				CLANG_WARN_SUSPICIOUS_MOVE = YES;
				CLANG_WARN_UNREACHABLE_CODE = YES;
				CLANG_WARN__DUPLICATE_METHOD_MATCH = YES;
				CODE_SIGN_IDENTITY = "-";
				COPY_PHASE_STRIP = NO;
				DEBUG_INFORMATION_FORMAT = "dwarf-with-dsym";
				ENABLE_NS_ASSERTIONS = NO;
				ENABLE_STRICT_OBJC_MSGSEND = YES;
				GCC_C_LANGUAGE_STANDARD = gnu99;
				GCC_NO_COMMON_BLOCKS = YES;
				GCC_WARN_64_TO_32_BIT_CONVERSION = YES;
				GCC_WARN_ABOUT_RETURN_TYPE = YES_ERROR;
				GCC_WARN_UNDECLARED_SELECTOR = YES;
				GCC_WARN_UNINITIALIZED_AUTOS = YES_AGGRESSIVE;
				GCC_WARN_UNUSED_FUNCTION = YES;
				GCC_WARN_UNUSED_VARIABLE = YES;
				MACOSX_DEPLOYMENT_TARGET = 10.12;
				MTL_ENABLE_DEBUG_INFO = NO;
				SDKROOT = macosx;
			};
			name = Release;
		};
		602285FB1E5A033F0015617A /* Debug */ = {
			isa = XCBuildConfiguration;
			buildSettings = {
				DEVELOPMENT_TEAM = 6CB7HT7995;
				PRODUCT_NAME = "$(TARGET_NAME)";
				SWIFT_VERSION = 3.0;
			};
			name = Debug;
		};
		602285FC1E5A033F0015617A /* Release */ = {
			isa = XCBuildConfiguration;
			buildSettings = {
				DEVELOPMENT_TEAM = 6CB7HT7995;
				PRODUCT_NAME = "$(TARGET_NAME)";
				SWIFT_VERSION = 3.0;
			};
			name = Release;
		};
/* End XCBuildConfiguration section */

/* Begin XCConfigurationList section */
		602285EE1E5A033E0015617A /* Build configuration list for PBXProject "BonePod" */ = {
			isa = XCConfigurationList;
			buildConfigurations = (
				602285F81E5A033F0015617A /* Debug */,
				602285F91E5A033F0015617A /* Release */,
			);
			defaultConfigurationIsVisible = 0;
			defaultConfigurationName = Release;
		};
		602285FA1E5A033F0015617A /* Build configuration list for PBXNativeTarget "BonePod" */ = {
			isa = XCConfigurationList;
			buildConfigurations = (
				602285FB1E5A033F0015617A /* Debug */,
				602285FC1E5A033F0015617A /* Release */,
			);
			defaultConfigurationIsVisible = 0;
		};
/* End XCConfigurationList section */
	};
	rootObject = 602285EB1E5A033E0015617A /* Project object */;
}
